PODS:
  - AzureCommunicationCalling (2.11.0):
    - AzureCommunicationCommon (~> 1.0)
  - AzureCommunicationCommon (1.2.0)
  - AzureCommunicationUICalling (1.8.0):
    - AzureCommunicationCalling (= 2.11.0)
    - AzureCore (= 1.0.0-beta.15)
    - MicrosoftFluentUI/ActivityIndicator_ios (= 0.10.0)
    - MicrosoftFluentUI/Avatar_ios (= 0.10.0)
    - MicrosoftFluentUI/AvatarGroup_ios (= 0.10.0)
    - MicrosoftFluentUI/BottomSheet_ios (= 0.10.0)
    - MicrosoftFluentUI/Button_ios (= 0.10.0)
    - MicrosoftFluentUI/PopupMenu_ios (= 0.10.0)
  - AzureCore (1.0.0-beta.15)
  - boost (1.76.0)
  - DoubleConversion (1.1.6)
  - FBLazyVector (0.72.14)
  - FBReactNativeSpec (0.72.14):
    - RCT-Folly (= 2021.07.22.00)
    - RCTRequired (= 0.72.14)
    - RCTTypeSafety (= 0.72.14)
    - React-Core (= 0.72.14)
    - React-jsi (= 0.72.14)
    - ReactCommon/turbomodule/core (= 0.72.14)
  - fmt (6.2.1)
  - glog (0.3.5)
  - hermes-engine (0.72.14):
    - hermes-engine/Pre-built (= 0.72.14)
  - hermes-engine/Pre-built (0.72.14)
  - libevent (2.1.12)
  - MicrosoftFluentUI/ActivityIndicator_ios (0.10.0):
    - MicrosoftFluentUI/Core_ios
  - MicrosoftFluentUI/Avatar_ios (0.10.0):
    - MicrosoftFluentUI/Core_ios
  - MicrosoftFluentUI/AvatarGroup_ios (0.10.0):
    - MicrosoftFluentUI/Avatar_ios
  - MicrosoftFluentUI/BottomSheet_ios (0.10.0):
    - MicrosoftFluentUI/Obscurable_ios
    - MicrosoftFluentUI/ResizingHandleView_ios
  - MicrosoftFluentUI/Button_ios (0.10.0):
    - MicrosoftFluentUI/Core_ios
  - MicrosoftFluentUI/Core_ios (0.10.0)
  - MicrosoftFluentUI/Drawer_ios (0.10.0):
    - MicrosoftFluentUI/Obscurable_ios
    - MicrosoftFluentUI/ResizingHandleView_ios
    - MicrosoftFluentUI/Separator_ios
    - MicrosoftFluentUI/TouchForwardingView_ios
  - MicrosoftFluentUI/Label_ios (0.10.0):
    - MicrosoftFluentUI/Core_ios
  - MicrosoftFluentUI/Obscurable_ios (0.10.0):
    - MicrosoftFluentUI/Core_ios
  - MicrosoftFluentUI/PopupMenu_ios (0.10.0):
    - MicrosoftFluentUI/Drawer_ios
    - MicrosoftFluentUI/Label_ios
    - MicrosoftFluentUI/Separator_ios
    - MicrosoftFluentUI/TableView_ios
  - MicrosoftFluentUI/ResizingHandleView_ios (0.10.0):
    - MicrosoftFluentUI/Core_ios
  - MicrosoftFluentUI/Separator_ios (0.10.0):
    - MicrosoftFluentUI/Core_ios
  - MicrosoftFluentUI/TableView_ios (0.10.0):
    - MicrosoftFluentUI/Label_ios
    - MicrosoftFluentUI/Separator_ios
  - MicrosoftFluentUI/TouchForwardingView_ios (0.10.0):
    - MicrosoftFluentUI/Core_ios
  - RCT-Folly (2021.07.22.00):
    - boost
    - DoubleConversion
    - fmt (~> 6.2.1)
    - glog
    - RCT-Folly/Default (= 2021.07.22.00)
  - RCT-Folly/Default (2021.07.22.00):
    - boost
    - DoubleConversion
    - fmt (~> 6.2.1)
    - glog
  - RCT-Folly/Futures (2021.07.22.00):
    - boost
    - DoubleConversion
    - fmt (~> 6.2.1)
    - glog
    - libevent
  - RCTRequired (0.72.14)
  - RCTTypeSafety (0.72.14):
    - FBLazyVector (= 0.72.14)
    - RCTRequired (= 0.72.14)
    - React-Core (= 0.72.14)
  - React (0.72.14):
    - React-Core (= 0.72.14)
    - React-Core/DevSupport (= 0.72.14)
    - React-Core/RCTWebSocket (= 0.72.14)
    - React-RCTActionSheet (= 0.72.14)
    - React-RCTAnimation (= 0.72.14)
    - React-RCTBlob (= 0.72.14)
    - React-RCTImage (= 0.72.14)
    - React-RCTLinking (= 0.72.14)
    - React-RCTNetwork (= 0.72.14)
    - React-RCTSettings (= 0.72.14)
    - React-RCTText (= 0.72.14)
    - React-RCTVibration (= 0.72.14)
  - React-callinvoker (0.72.14)
  - React-Codegen (0.72.14):
    - DoubleConversion
    - FBReactNativeSpec
    - glog
    - hermes-engine
    - RCT-Folly
    - RCTRequired
    - RCTTypeSafety
    - React-Core
    - React-jsi
    - React-jsiexecutor
    - React-NativeModulesApple
    - React-rncore
    - ReactCommon/turbomodule/bridging
    - ReactCommon/turbomodule/core
  - React-Core (0.72.14):
    - glog
    - hermes-engine
    - RCT-Folly (= 2021.07.22.00)
    - React-Core/Default (= 0.72.14)
    - React-cxxreact
    - React-hermes
    - React-jsi
    - React-jsiexecutor
    - React-perflogger
    - React-runtimeexecutor
    - React-utils
    - SocketRocket (= 0.6.1)
    - Yoga
  - React-Core/CoreModulesHeaders (0.72.14):
    - glog
    - hermes-engine
    - RCT-Folly (= 2021.07.22.00)
    - React-Core/Default
    - React-cxxreact
    - React-hermes
    - React-jsi
    - React-jsiexecutor
    - React-perflogger
    - React-runtimeexecutor
    - React-utils
    - SocketRocket (= 0.6.1)
    - Yoga
  - React-Core/Default (0.72.14):
    - glog
    - hermes-engine
    - RCT-Folly (= 2021.07.22.00)
    - React-cxxreact
    - React-hermes
    - React-jsi
    - React-jsiexecutor
    - React-perflogger
    - React-runtimeexecutor
    - React-utils
    - SocketRocket (= 0.6.1)
    - Yoga
  - React-Core/DevSupport (0.72.14):
    - glog
    - hermes-engine
    - RCT-Folly (= 2021.07.22.00)
    - React-Core/Default (= 0.72.14)
    - React-Core/RCTWebSocket (= 0.72.14)
    - React-cxxreact
    - React-hermes
    - React-jsi
    - React-jsiexecutor
    - React-jsinspector (= 0.72.14)
    - React-perflogger
    - React-runtimeexecutor
    - React-utils
    - SocketRocket (= 0.6.1)
    - Yoga
  - React-Core/RCTActionSheetHeaders (0.72.14):
    - glog
    - hermes-engine
    - RCT-Folly (= 2021.07.22.00)
    - React-Core/Default
    - React-cxxreact
    - React-hermes
    - React-jsi
    - React-jsiexecutor
    - React-perflogger
    - React-runtimeexecutor
    - React-utils
    - SocketRocket (= 0.6.1)
    - Yoga
  - React-Core/RCTAnimationHeaders (0.72.14):
    - glog
    - hermes-engine
    - RCT-Folly (= 2021.07.22.00)
    - React-Core/Default
    - React-cxxreact
    - React-hermes
    - React-jsi
    - React-jsiexecutor
    - React-perflogger
    - React-runtimeexecutor
    - React-utils
    - SocketRocket (= 0.6.1)
    - Yoga
  - React-Core/RCTBlobHeaders (0.72.14):
    - glog
    - hermes-engine
    - RCT-Folly (= 2021.07.22.00)
    - React-Core/Default
    - React-cxxreact
    - React-hermes
    - React-jsi
    - React-jsiexecutor
    - React-perflogger
    - React-runtimeexecutor
    - React-utils
    - SocketRocket (= 0.6.1)
    - Yoga
  - React-Core/RCTImageHeaders (0.72.14):
    - glog
    - hermes-engine
    - RCT-Folly (= 2021.07.22.00)
    - React-Core/Default
    - React-cxxreact
    - React-hermes
    - React-jsi
    - React-jsiexecutor
    - React-perflogger
    - React-runtimeexecutor
    - React-utils
    - SocketRocket (= 0.6.1)
    - Yoga
  - React-Core/RCTLinkingHeaders (0.72.14):
    - glog
    - hermes-engine
    - RCT-Folly (= 2021.07.22.00)
    - React-Core/Default
    - React-cxxreact
    - React-hermes
    - React-jsi
    - React-jsiexecutor
    - React-perflogger
    - React-runtimeexecutor
    - React-utils
    - SocketRocket (= 0.6.1)
    - Yoga
  - React-Core/RCTNetworkHeaders (0.72.14):
    - glog
    - hermes-engine
    - RCT-Folly (= 2021.07.22.00)
    - React-Core/Default
    - React-cxxreact
    - React-hermes
    - React-jsi
    - React-jsiexecutor
    - React-perflogger
    - React-runtimeexecutor
    - React-utils
    - SocketRocket (= 0.6.1)
    - Yoga
  - React-Core/RCTSettingsHeaders (0.72.14):
    - glog
    - hermes-engine
    - RCT-Folly (= 2021.07.22.00)
    - React-Core/Default
    - React-cxxreact
    - React-hermes
    - React-jsi
    - React-jsiexecutor
    - React-perflogger
    - React-runtimeexecutor
    - React-utils
    - SocketRocket (= 0.6.1)
    - Yoga
  - React-Core/RCTTextHeaders (0.72.14):
    - glog
    - hermes-engine
    - RCT-Folly (= 2021.07.22.00)
    - React-Core/Default
    - React-cxxreact
    - React-hermes
    - React-jsi
    - React-jsiexecutor
    - React-perflogger
    - React-runtimeexecutor
    - React-utils
    - SocketRocket (= 0.6.1)
    - Yoga
  - React-Core/RCTVibrationHeaders (0.72.14):
    - glog
    - hermes-engine
    - RCT-Folly (= 2021.07.22.00)
    - React-Core/Default
    - React-cxxreact
    - React-hermes
    - React-jsi
    - React-jsiexecutor
    - React-perflogger
    - React-runtimeexecutor
    - React-utils
    - SocketRocket (= 0.6.1)
    - Yoga
  - React-Core/RCTWebSocket (0.72.14):
    - glog
    - hermes-engine
    - RCT-Folly (= 2021.07.22.00)
    - React-Core/Default (= 0.72.14)
    - React-cxxreact
    - React-hermes
    - React-jsi
    - React-jsiexecutor
    - React-perflogger
    - React-runtimeexecutor
    - React-utils
    - SocketRocket (= 0.6.1)
    - Yoga
  - React-CoreModules (0.72.14):
    - RCT-Folly (= 2021.07.22.00)
    - RCTTypeSafety (= 0.72.14)
    - React-Codegen (= 0.72.14)
    - React-Core/CoreModulesHeaders (= 0.72.14)
    - React-jsi (= 0.72.14)
    - React-RCTBlob
    - React-RCTImage (= 0.72.14)
    - ReactCommon/turbomodule/core (= 0.72.14)
    - SocketRocket (= 0.6.1)
  - React-cxxreact (0.72.14):
    - boost (= 1.76.0)
    - DoubleConversion
    - glog
    - hermes-engine
    - RCT-Folly (= 2021.07.22.00)
    - React-callinvoker (= 0.72.14)
    - React-debug (= 0.72.14)
    - React-jsi (= 0.72.14)
    - React-jsinspector (= 0.72.14)
    - React-logger (= 0.72.14)
    - React-perflogger (= 0.72.14)
    - React-runtimeexecutor (= 0.72.14)
  - React-debug (0.72.14)
  - React-hermes (0.72.14):
    - DoubleConversion
    - glog
    - hermes-engine
    - RCT-Folly (= 2021.07.22.00)
    - RCT-Folly/Futures (= 2021.07.22.00)
    - React-cxxreact (= 0.72.14)
    - React-jsi
    - React-jsiexecutor (= 0.72.14)
    - React-jsinspector (= 0.72.14)
    - React-perflogger (= 0.72.14)
  - React-jsi (0.72.14):
    - boost (= 1.76.0)
    - DoubleConversion
    - glog
    - hermes-engine
    - RCT-Folly (= 2021.07.22.00)
  - React-jsiexecutor (0.72.14):
    - DoubleConversion
    - glog
    - hermes-engine
    - RCT-Folly (= 2021.07.22.00)
    - React-cxxreact (= 0.72.14)
    - React-jsi (= 0.72.14)
    - React-perflogger (= 0.72.14)
  - React-jsinspector (0.72.14)
  - React-logger (0.72.14):
    - glog
  - react-native-safe-area-context (4.10.1):
    - React-Core
  - React-NativeModulesApple (0.72.14):
    - hermes-engine
    - React-callinvoker
    - React-Core
    - React-cxxreact
    - React-jsi
    - React-runtimeexecutor
    - ReactCommon/turbomodule/bridging
    - ReactCommon/turbomodule/core
  - React-perflogger (0.72.14)
  - React-RCTActionSheet (0.72.14):
    - React-Core/RCTActionSheetHeaders (= 0.72.14)
  - React-RCTAnimation (0.72.14):
    - RCT-Folly (= 2021.07.22.00)
    - RCTTypeSafety (= 0.72.14)
    - React-Codegen (= 0.72.14)
    - React-Core/RCTAnimationHeaders (= 0.72.14)
    - React-jsi (= 0.72.14)
    - ReactCommon/turbomodule/core (= 0.72.14)
  - React-RCTAppDelegate (0.72.14):
    - RCT-Folly
    - RCTRequired
    - RCTTypeSafety
    - React-Core
    - React-CoreModules
    - React-hermes
    - React-NativeModulesApple
    - React-RCTImage
    - React-RCTNetwork
    - React-runtimescheduler
    - ReactCommon/turbomodule/core
  - React-RCTBlob (0.72.14):
    - hermes-engine
    - RCT-Folly (= 2021.07.22.00)
    - React-Codegen (= 0.72.14)
    - React-Core/RCTBlobHeaders (= 0.72.14)
    - React-Core/RCTWebSocket (= 0.72.14)
    - React-jsi (= 0.72.14)
    - React-RCTNetwork (= 0.72.14)
    - ReactCommon/turbomodule/core (= 0.72.14)
  - React-RCTImage (0.72.14):
    - RCT-Folly (= 2021.07.22.00)
    - RCTTypeSafety (= 0.72.14)
    - React-Codegen (= 0.72.14)
    - React-Core/RCTImageHeaders (= 0.72.14)
    - React-jsi (= 0.72.14)
    - React-RCTNetwork (= 0.72.14)
    - ReactCommon/turbomodule/core (= 0.72.14)
  - React-RCTLinking (0.72.14):
    - React-Codegen (= 0.72.14)
    - React-Core/RCTLinkingHeaders (= 0.72.14)
    - React-jsi (= 0.72.14)
    - ReactCommon/turbomodule/core (= 0.72.14)
  - React-RCTNetwork (0.72.14):
    - RCT-Folly (= 2021.07.22.00)
    - RCTTypeSafety (= 0.72.14)
    - React-Codegen (= 0.72.14)
    - React-Core/RCTNetworkHeaders (= 0.72.14)
    - React-jsi (= 0.72.14)
    - ReactCommon/turbomodule/core (= 0.72.14)
  - React-RCTSettings (0.72.14):
    - RCT-Folly (= 2021.07.22.00)
    - RCTTypeSafety (= 0.72.14)
    - React-Codegen (= 0.72.14)
    - React-Core/RCTSettingsHeaders (= 0.72.14)
    - React-jsi (= 0.72.14)
    - ReactCommon/turbomodule/core (= 0.72.14)
  - React-RCTText (0.72.14):
    - React-Core/RCTTextHeaders (= 0.72.14)
  - React-RCTVibration (0.72.14):
    - RCT-Folly (= 2021.07.22.00)
    - React-Codegen (= 0.72.14)
    - React-Core/RCTVibrationHeaders (= 0.72.14)
    - React-jsi (= 0.72.14)
    - ReactCommon/turbomodule/core (= 0.72.14)
  - React-rncore (0.72.14)
  - React-runtimeexecutor (0.72.14):
    - React-jsi (= 0.72.14)
  - React-runtimescheduler (0.72.14):
    - glog
    - hermes-engine
    - RCT-Folly (= 2021.07.22.00)
    - React-callinvoker
    - React-debug
    - React-jsi
    - React-runtimeexecutor
  - React-utils (0.72.14):
    - glog
    - RCT-Folly (= 2021.07.22.00)
    - React-debug
  - ReactCommon/turbomodule/bridging (0.72.14):
    - DoubleConversion
    - glog
    - hermes-engine
    - RCT-Folly (= 2021.07.22.00)
    - React-callinvoker (= 0.72.14)
    - React-cxxreact (= 0.72.14)
    - React-jsi (= 0.72.14)
    - React-logger (= 0.72.14)
    - React-perflogger (= 0.72.14)
  - ReactCommon/turbomodule/core (0.72.14):
    - DoubleConversion
    - glog
    - hermes-engine
    - RCT-Folly (= 2021.07.22.00)
    - React-callinvoker (= 0.72.14)
    - React-cxxreact (= 0.72.14)
    - React-jsi (= 0.72.14)
    - React-logger (= 0.72.14)
    - React-perflogger (= 0.72.14)
  - RNCPicker (2.7.6):
    - React-Core
  - RNScreens (3.31.1):
    - RCT-Folly (= 2021.07.22.00)
    - React-Core
    - React-RCTImage
  - SocketRocket (0.6.1)
  - Yoga (1.14.0)

DEPENDENCIES:
  - AzureCommunicationUICalling (= 1.8.0)
  - boost (from `../node_modules/react-native/third-party-podspecs/boost.podspec`)
  - DoubleConversion (from `../node_modules/react-native/third-party-podspecs/DoubleConversion.podspec`)
  - FBLazyVector (from `../node_modules/react-native/Libraries/FBLazyVector`)
  - FBReactNativeSpec (from `../node_modules/react-native/React/FBReactNativeSpec`)
  - glog (from `../node_modules/react-native/third-party-podspecs/glog.podspec`)
  - hermes-engine (from `../node_modules/react-native/sdks/hermes-engine/hermes-engine.podspec`)
  - libevent (~> 2.1.12)
  - RCT-Folly (from `../node_modules/react-native/third-party-podspecs/RCT-Folly.podspec`)
  - RCTRequired (from `../node_modules/react-native/Libraries/RCTRequired`)
  - RCTTypeSafety (from `../node_modules/react-native/Libraries/TypeSafety`)
  - React (from `../node_modules/react-native/`)
  - React-callinvoker (from `../node_modules/react-native/ReactCommon/callinvoker`)
  - React-Codegen (from `build/generated/ios`)
  - React-Core (from `../node_modules/react-native/`)
  - React-Core/RCTWebSocket (from `../node_modules/react-native/`)
  - React-CoreModules (from `../node_modules/react-native/React/CoreModules`)
  - React-cxxreact (from `../node_modules/react-native/ReactCommon/cxxreact`)
  - React-debug (from `../node_modules/react-native/ReactCommon/react/debug`)
  - React-hermes (from `../node_modules/react-native/ReactCommon/hermes`)
  - React-jsi (from `../node_modules/react-native/ReactCommon/jsi`)
  - React-jsiexecutor (from `../node_modules/react-native/ReactCommon/jsiexecutor`)
  - React-jsinspector (from `../node_modules/react-native/ReactCommon/jsinspector`)
  - React-logger (from `../node_modules/react-native/ReactCommon/logger`)
  - react-native-safe-area-context (from `../node_modules/react-native-safe-area-context`)
  - React-NativeModulesApple (from `../node_modules/react-native/ReactCommon/react/nativemodule/core/platform/ios`)
  - React-perflogger (from `../node_modules/react-native/ReactCommon/reactperflogger`)
  - React-RCTActionSheet (from `../node_modules/react-native/Libraries/ActionSheetIOS`)
  - React-RCTAnimation (from `../node_modules/react-native/Libraries/NativeAnimation`)
  - React-RCTAppDelegate (from `../node_modules/react-native/Libraries/AppDelegate`)
  - React-RCTBlob (from `../node_modules/react-native/Libraries/Blob`)
  - React-RCTImage (from `../node_modules/react-native/Libraries/Image`)
  - React-RCTLinking (from `../node_modules/react-native/Libraries/LinkingIOS`)
  - React-RCTNetwork (from `../node_modules/react-native/Libraries/Network`)
  - React-RCTSettings (from `../node_modules/react-native/Libraries/Settings`)
  - React-RCTText (from `../node_modules/react-native/Libraries/Text`)
  - React-RCTVibration (from `../node_modules/react-native/Libraries/Vibration`)
  - React-rncore (from `../node_modules/react-native/ReactCommon`)
  - React-runtimeexecutor (from `../node_modules/react-native/ReactCommon/runtimeexecutor`)
  - React-runtimescheduler (from `../node_modules/react-native/ReactCommon/react/renderer/runtimescheduler`)
  - React-utils (from `../node_modules/react-native/ReactCommon/react/utils`)
  - ReactCommon/turbomodule/core (from `../node_modules/react-native/ReactCommon`)
  - "RNCPicker (from `../node_modules/@react-native-picker/picker`)"
  - RNScreens (from `../node_modules/react-native-screens`)
  - Yoga (from `../node_modules/react-native/ReactCommon/yoga`)

SPEC REPOS:
  trunk:
    - AzureCommunicationCalling
    - AzureCommunicationCommon
    - AzureCommunicationUICalling
    - AzureCore
    - fmt
    - libevent
    - MicrosoftFluentUI
    - SocketRocket

EXTERNAL SOURCES:
  boost:
    :podspec: "../node_modules/react-native/third-party-podspecs/boost.podspec"
  DoubleConversion:
    :podspec: "../node_modules/react-native/third-party-podspecs/DoubleConversion.podspec"
  FBLazyVector:
    :path: "../node_modules/react-native/Libraries/FBLazyVector"
  FBReactNativeSpec:
    :path: "../node_modules/react-native/React/FBReactNativeSpec"
  glog:
    :podspec: "../node_modules/react-native/third-party-podspecs/glog.podspec"
  hermes-engine:
    :podspec: "../node_modules/react-native/sdks/hermes-engine/hermes-engine.podspec"
  RCT-Folly:
    :podspec: "../node_modules/react-native/third-party-podspecs/RCT-Folly.podspec"
  RCTRequired:
    :path: "../node_modules/react-native/Libraries/RCTRequired"
  RCTTypeSafety:
    :path: "../node_modules/react-native/Libraries/TypeSafety"
  React:
    :path: "../node_modules/react-native/"
  React-callinvoker:
    :path: "../node_modules/react-native/ReactCommon/callinvoker"
  React-Codegen:
    :path: build/generated/ios
  React-Core:
    :path: "../node_modules/react-native/"
  React-CoreModules:
    :path: "../node_modules/react-native/React/CoreModules"
  React-cxxreact:
    :path: "../node_modules/react-native/ReactCommon/cxxreact"
  React-debug:
    :path: "../node_modules/react-native/ReactCommon/react/debug"
  React-hermes:
    :path: "../node_modules/react-native/ReactCommon/hermes"
  React-jsi:
    :path: "../node_modules/react-native/ReactCommon/jsi"
  React-jsiexecutor:
    :path: "../node_modules/react-native/ReactCommon/jsiexecutor"
  React-jsinspector:
    :path: "../node_modules/react-native/ReactCommon/jsinspector"
  React-logger:
    :path: "../node_modules/react-native/ReactCommon/logger"
  react-native-safe-area-context:
    :path: "../node_modules/react-native-safe-area-context"
  React-NativeModulesApple:
    :path: "../node_modules/react-native/ReactCommon/react/nativemodule/core/platform/ios"
  React-perflogger:
    :path: "../node_modules/react-native/ReactCommon/reactperflogger"
  React-RCTActionSheet:
    :path: "../node_modules/react-native/Libraries/ActionSheetIOS"
  React-RCTAnimation:
    :path: "../node_modules/react-native/Libraries/NativeAnimation"
  React-RCTAppDelegate:
    :path: "../node_modules/react-native/Libraries/AppDelegate"
  React-RCTBlob:
    :path: "../node_modules/react-native/Libraries/Blob"
  React-RCTImage:
    :path: "../node_modules/react-native/Libraries/Image"
  React-RCTLinking:
    :path: "../node_modules/react-native/Libraries/LinkingIOS"
  React-RCTNetwork:
    :path: "../node_modules/react-native/Libraries/Network"
  React-RCTSettings:
    :path: "../node_modules/react-native/Libraries/Settings"
  React-RCTText:
    :path: "../node_modules/react-native/Libraries/Text"
  React-RCTVibration:
    :path: "../node_modules/react-native/Libraries/Vibration"
  React-rncore:
    :path: "../node_modules/react-native/ReactCommon"
  React-runtimeexecutor:
    :path: "../node_modules/react-native/ReactCommon/runtimeexecutor"
  React-runtimescheduler:
    :path: "../node_modules/react-native/ReactCommon/react/renderer/runtimescheduler"
  React-utils:
    :path: "../node_modules/react-native/ReactCommon/react/utils"
  ReactCommon:
    :path: "../node_modules/react-native/ReactCommon"
  RNCPicker:
    :path: "../node_modules/@react-native-picker/picker"
  RNScreens:
    :path: "../node_modules/react-native-screens"
  Yoga:
    :path: "../node_modules/react-native/ReactCommon/yoga"

SPEC CHECKSUMS:
  AzureCommunicationCalling: 35bebb366c5d423bacdd43550df35c9d89d25235
  AzureCommunicationCommon: 130a21be2be889f83dc4adbf994af6285f962de8
  AzureCommunicationUICalling: 9f2151de8c0c0f85cbf6e7a01519608d596034a2
  AzureCore: ebbf7cf4dfe72afc7584088c38d1c99f5a35d647
  boost: 7dcd2de282d72e344012f7d6564d024930a6a440
  DoubleConversion: 5189b271737e1565bdce30deb4a08d647e3f5f54
  FBLazyVector: d98eefb42c5a64cb28ef966bd9096c76770d8f24
  FBReactNativeSpec: 53d4eb00e8e1b6e987a3dd5906d2afe131cc54c8
  fmt: ff9d55029c625d3757ed641535fd4a75fedc7ce9
  glog: 04b94705f318337d7ead9e6d17c019bd9b1f6b1b
  hermes-engine: b213bace5f31766ad1434d2d9b2cbf04cf92a2b6
  libevent: 4049cae6c81cdb3654a443be001fb9bdceff7913
  MicrosoftFluentUI: f6db695718efb93f4ca9bdc366c00b80a1f91dba
  RCT-Folly: 424b8c9a7a0b9ab2886ffe9c3b041ef628fd4fb1
  RCTRequired: 264adaca1d8b1a9c078761891898d4142df05313
  RCTTypeSafety: 279a89da7058a69899778a127be73fab38b84499
  React: 725b4e11f6ffb43d6f9b14e82879073623db4071
  React-callinvoker: c2ba5e7e1187d0f37705b9dcaaf9bbf24d3fe9dc
  React-Codegen: 43b916552d89ef84c22ad47012951bcd2e8923b9
  React-Core: d338b028bf13f0a7bd09ddccb745781a2788bd37
  React-CoreModules: bc2a427e421d2857c2233f719ffca349c4c70bc0
  React-cxxreact: 8bcd7336084fbaaad0304935896f2cb62659894d
  React-debug: 0d7a8e0fcccf68992611b1739094b815a66790b4
  React-hermes: d2e7945d1b480a2e732d64303564d9870edf22e9
  React-jsi: 53bff70353449aa006546c00024736de3ed66219
  React-jsiexecutor: e9a70be9304ef2e66eeebac35710f958b076dc14
  React-jsinspector: 275d9f80210f15f0af9a4b7fd5683fab9738e28e
  React-logger: 8da4802de77a0eb62512396ad6bb1769904c2f0e
  react-native-safe-area-context: dcab599c527c2d7de2d76507a523d20a0b83823d
  React-NativeModulesApple: e96337e41019c4301e001a0368158a275ee52dbd
  React-perflogger: daabc494c6328efc1784a4b49b8b74fca305d11c
  React-RCTActionSheet: 0e0e64a7cf6c07f1de73d1f0a92d26a70262b256
  React-RCTAnimation: cc9a4f8f0f003c979c577a8bd8fed8f4fa764606
  React-RCTAppDelegate: 093b213f4b306146f38e9dc91aa675460db40eaf
  React-RCTBlob: 92a7722c0230b202dd90891faf3b7b050b6347d4
  React-RCTImage: 0ef8458301f49915bf1e3b95456d84b2318184af
  React-RCTLinking: 9a9ce00299d7ff7240ea96de1479a5ac4beb5ba9
  React-RCTNetwork: 902c62a105bf3701ac92b5b720dcdd2da13a1d81
  React-RCTSettings: 0480ae01d558a9c945e97c76e8839db39c50e781
  React-RCTText: 39ed334f64484d07b85a8159cf117814ff069ff6
  React-RCTVibration: e60a381e3a20dcc9778786576a614e9bbc04a857
  React-rncore: cdd561b48f8f48492c5810d051375c3314352b3b
  React-runtimeexecutor: e5c2f0a1493d72c61b97465ccfedc339157b3179
  React-runtimescheduler: c51708a0382a697a96b61a84fb1732a43edf4a13
  React-utils: e724eca54907846d399d0f599b0c120f9c58f5d5
  ReactCommon: d47b68b0b0666b90844632916c043d1a5c44f217
  RNCPicker: f58e790450cb0a74c09dd1c677bd1de41a5741b9
  RNScreens: dc2dd6ebc31978d9346df2159962550e5316b71a
  SocketRocket: f32cd54efbe0f095c4d7594881e52619cfe80b17
  Yoga: c32e0be1a17f8f1f0e633a3122f7666441f52c82

PODFILE CHECKSUM: c9c5eb9f72d6f83c75fe7b41c95d74b24d0d393e

COCOAPODS: 1.15.2
